// !$*UTF8*$!
{
	archiveVersion = 1;
	classes = {
	};
	objectVersion = 46;
	objects = {

/* Begin PBXBuildFile section */
		0D87EEC9569707C9DACEC657 /* libPods-SimpleMessenger.a in Frameworks */ = {isa = PBXBuildFile; fileRef = E43E5BEC4F82DBC09B2E4F7D /* libPods-SimpleMessenger.a */; };
		1190A5B91CB12562004ADE0E /* AFMessengerViewController.m in Sources */ = {isa = PBXBuildFile; fileRef = 1190A5B81CB12562004ADE0E /* AFMessengerViewController.m */; };
		1190A5BF1CB12DAC004ADE0E /* AFAppDotNetAPIClient.m in Sources */ = {isa = PBXBuildFile; fileRef = 1190A5BE1CB12DAC004ADE0E /* AFAppDotNetAPIClient.m */; };
		11DD8C211CAFBBA8006FFDC1 /* main.m in Sources */ = {isa = PBXBuildFile; fileRef = 11DD8C201CAFBBA8006FFDC1 /* main.m */; };
		11DD8C241CAFBBA8006FFDC1 /* AppDelegate.m in Sources */ = {isa = PBXBuildFile; fileRef = 11DD8C231CAFBBA8006FFDC1 /* AppDelegate.m */; };
		11DD8C271CAFBBA8006FFDC1 /* ViewController.m in Sources */ = {isa = PBXBuildFile; fileRef = 11DD8C261CAFBBA8006FFDC1 /* ViewController.m */; };
		11DD8C2A1CAFBBA8006FFDC1 /* Main.storyboard in Resources */ = {isa = PBXBuildFile; fileRef = 11DD8C281CAFBBA8006FFDC1 /* Main.storyboard */; };
		11DD8C2C1CAFBBA8006FFDC1 /* Assets.xcassets in Resources */ = {isa = PBXBuildFile; fileRef = 11DD8C2B1CAFBBA8006FFDC1 /* Assets.xcassets */; };
		11DD8C2F1CAFBBA8006FFDC1 /* LaunchScreen.storyboard in Resources */ = {isa = PBXBuildFile; fileRef = 11DD8C2D1CAFBBA8006FFDC1 /* LaunchScreen.storyboard */; };
/* End PBXBuildFile section */

/* Begin PBXFileReference section */
		1190A5B71CB12562004ADE0E /* AFMessengerViewController.h */ = {isa = PBXFileReference; fileEncoding = 4; lastKnownFileType = sourcecode.c.h; path = AFMessengerViewController.h; sourceTree = "<group>"; };
		1190A5B81CB12562004ADE0E /* AFMessengerViewController.m */ = {isa = PBXFileReference; fileEncoding = 4; lastKnownFileType = sourcecode.c.objc; path = AFMessengerViewController.m; sourceTree = "<group>"; };
		1190A5BD1CB12DAC004ADE0E /* AFAppDotNetAPIClient.h */ = {isa = PBXFileReference; fileEncoding = 4; lastKnownFileType = sourcecode.c.h; path = AFAppDotNetAPIClient.h; sourceTree = "<group>"; };
		1190A5BE1CB12DAC004ADE0E /* AFAppDotNetAPIClient.m */ = {isa = PBXFileReference; fileEncoding = 4; lastKnownFileType = sourcecode.c.objc; path = AFAppDotNetAPIClient.m; sourceTree = "<group>"; };
		11DD8C1C1CAFBBA8006FFDC1 /* SimpleMessenger.app */ = {isa = PBXFileReference; explicitFileType = wrapper.application; includeInIndex = 0; path = SimpleMessenger.app; sourceTree = BUILT_PRODUCTS_DIR; };
		11DD8C201CAFBBA8006FFDC1 /* main.m */ = {isa = PBXFileReference; lastKnownFileType = sourcecode.c.objc; path = main.m; sourceTree = "<group>"; };
		11DD8C221CAFBBA8006FFDC1 /* AppDelegate.h */ = {isa = PBXFileReference; lastKnownFileType = sourcecode.c.h; path = AppDelegate.h; sourceTree = "<group>"; };
		11DD8C231CAFBBA8006FFDC1 /* AppDelegate.m */ = {isa = PBXFileReference; lastKnownFileType = sourcecode.c.objc; path = AppDelegate.m; sourceTree = "<group>"; };
		11DD8C251CAFBBA8006FFDC1 /* ViewController.h */ = {isa = PBXFileReference; lastKnownFileType = sourcecode.c.h; path = ViewController.h; sourceTree = "<group>"; };
		11DD8C261CAFBBA8006FFDC1 /* ViewController.m */ = {isa = PBXFileReference; lastKnownFileType = sourcecode.c.objc; path = ViewController.m; sourceTree = "<group>"; };
		11DD8C291CAFBBA8006FFDC1 /* Base */ = {isa = PBXFileReference; lastKnownFileType = file.storyboard; name = Base; path = Base.lproj/Main.storyboard; sourceTree = "<group>"; };
		11DD8C2B1CAFBBA8006FFDC1 /* Assets.xcassets */ = {isa = PBXFileReference; lastKnownFileType = folder.assetcatalog; path = Assets.xcassets; sourceTree = "<group>"; };
		11DD8C2E1CAFBBA8006FFDC1 /* Base */ = {isa = PBXFileReference; lastKnownFileType = file.storyboard; name = Base; path = Base.lproj/LaunchScreen.storyboard; sourceTree = "<group>"; };
		11DD8C301CAFBBA8006FFDC1 /* Info.plist */ = {isa = PBXFileReference; lastKnownFileType = text.plist.xml; path = Info.plist; sourceTree = "<group>"; };
		470B4C9EFFF67EB942AB2360 /* Pods-SimpleMessenger.debug.xcconfig */ = {isa = PBXFileReference; includeInIndex = 1; lastKnownFileType = text.xcconfig; name = "Pods-SimpleMessenger.debug.xcconfig"; path = "Pods/Target Support Files/Pods-SimpleMessenger/Pods-SimpleMessenger.debug.xcconfig"; sourceTree = "<group>"; };
		E43E5BEC4F82DBC09B2E4F7D /* libPods-SimpleMessenger.a */ = {isa = PBXFileReference; explicitFileType = archive.ar; includeInIndex = 0; path = "libPods-SimpleMessenger.a"; sourceTree = BUILT_PRODUCTS_DIR; };
		ED87A40B2FA300A1E6DB6C0A /* Pods-SimpleMessenger.release.xcconfig */ = {isa = PBXFileReference; includeInIndex = 1; lastKnownFileType = text.xcconfig; name = "Pods-SimpleMessenger.release.xcconfig"; path = "Pods/Target Support Files/Pods-SimpleMessenger/Pods-SimpleMessenger.release.xcconfig"; sourceTree = "<group>"; };
/* End PBXFileReference section */

/* Begin PBXFrameworksBuildPhase section */
		11DD8C191CAFBBA8006FFDC1 /* Frameworks */ = {
			isa = PBXFrameworksBuildPhase;
			buildActionMask = 2147483647;
			files = (
				0D87EEC9569707C9DACEC657 /* libPods-SimpleMessenger.a in Frameworks */,
			);
			runOnlyForDeploymentPostprocessing = 0;
		};
/* End PBXFrameworksBuildPhase section */

/* Begin PBXGroup section */
		11DD8C131CAFBBA8006FFDC1 = {
			isa = PBXGroup;
			children = (
				11DD8C1E1CAFBBA8006FFDC1 /* SimpleMessenger */,
				11DD8C1D1CAFBBA8006FFDC1 /* Products */,
				69E59776DABC223A0937BA95 /* Pods */,
				D97D38DE90DCBAC4B657B19A /* Frameworks */,
			);
			sourceTree = "<group>";
		};
		11DD8C1D1CAFBBA8006FFDC1 /* Products */ = {
			isa = PBXGroup;
			children = (
				11DD8C1C1CAFBBA8006FFDC1 /* SimpleMessenger.app */,
			);
			name = Products;
			sourceTree = "<group>";
		};
		11DD8C1E1CAFBBA8006FFDC1 /* SimpleMessenger */ = {
			isa = PBXGroup;
			children = (
				11DD8C221CAFBBA8006FFDC1 /* AppDelegate.h */,
				11DD8C231CAFBBA8006FFDC1 /* AppDelegate.m */,
				11DD8C251CAFBBA8006FFDC1 /* ViewController.h */,
				11DD8C261CAFBBA8006FFDC1 /* ViewController.m */,
				11DD8C281CAFBBA8006FFDC1 /* Main.storyboard */,
				11DD8C2B1CAFBBA8006FFDC1 /* Assets.xcassets */,
				11DD8C2D1CAFBBA8006FFDC1 /* LaunchScreen.storyboard */,
				11DD8C301CAFBBA8006FFDC1 /* Info.plist */,
				11DD8C1F1CAFBBA8006FFDC1 /* Supporting Files */,
				1190A5B71CB12562004ADE0E /* AFMessengerViewController.h */,
				1190A5B81CB12562004ADE0E /* AFMessengerViewController.m */,
				1190A5BD1CB12DAC004ADE0E /* AFAppDotNetAPIClient.h */,
				1190A5BE1CB12DAC004ADE0E /* AFAppDotNetAPIClient.m */,
			);
			path = SimpleMessenger;
			sourceTree = "<group>";
		};
		11DD8C1F1CAFBBA8006FFDC1 /* Supporting Files */ = {
			isa = PBXGroup;
			children = (
				11DD8C201CAFBBA8006FFDC1 /* main.m */,
			);
			name = "Supporting Files";
			sourceTree = "<group>";
		};
		69E59776DABC223A0937BA95 /* Pods */ = {
			isa = PBXGroup;
			children = (
				470B4C9EFFF67EB942AB2360 /* Pods-SimpleMessenger.debug.xcconfig */,
				ED87A40B2FA300A1E6DB6C0A /* Pods-SimpleMessenger.release.xcconfig */,
			);
			name = Pods;
			sourceTree = "<group>";
		};
		D97D38DE90DCBAC4B657B19A /* Frameworks */ = {
			isa = PBXGroup;
			children = (
				E43E5BEC4F82DBC09B2E4F7D /* libPods-SimpleMessenger.a */,
			);
			name = Frameworks;
			sourceTree = "<group>";
		};
/* End PBXGroup section */

/* Begin PBXNativeTarget section */
		11DD8C1B1CAFBBA8006FFDC1 /* SimpleMessenger */ = {
			isa = PBXNativeTarget;
			buildConfigurationList = 11DD8C331CAFBBA8006FFDC1 /* Build configuration list for PBXNativeTarget "SimpleMessenger" */;
			buildPhases = (
				5378008C685320A236C9B567 /* Check Pods Manifest.lock */,
				11DD8C181CAFBBA8006FFDC1 /* Sources */,
				11DD8C191CAFBBA8006FFDC1 /* Frameworks */,
				11DD8C1A1CAFBBA8006FFDC1 /* Resources */,
				89B66C0AFE0AF996186DEE5F /* Embed Pods Frameworks */,
				EE267DCB7AAC7EDDEF75FE3A /* Copy Pods Resources */,
			);
			buildRules = (
			);
			dependencies = (
			);
			name = SimpleMessenger;
			productName = SimpleMessenger;
			productReference = 11DD8C1C1CAFBBA8006FFDC1 /* SimpleMessenger.app */;
			productType = "com.apple.product-type.application";
		};
/* End PBXNativeTarget section */

/* Begin PBXProject section */
		11DD8C141CAFBBA8006FFDC1 /* Project object */ = {
			isa = PBXProject;
			attributes = {
				LastUpgradeCheck = 0720;
				ORGANIZATIONNAME = Home;
				TargetAttributes = {
					11DD8C1B1CAFBBA8006FFDC1 = {
						CreatedOnToolsVersion = 7.2.1;
						DevelopmentTeam = 97857562T4;
					};
				};
			};
			buildConfigurationList = 11DD8C171CAFBBA8006FFDC1 /* Build configuration list for PBXProject "SimpleMessenger" */;
			compatibilityVersion = "Xcode 3.2";
			developmentRegion = English;
			hasScannedForEncodings = 0;
			knownRegions = (
				en,
				Base,
			);
			mainGroup = 11DD8C131CAFBBA8006FFDC1;
			productRefGroup = 11DD8C1D1CAFBBA8006FFDC1 /* Products */;
			projectDirPath = "";
			projectRoot = "";
			targets = (
				11DD8C1B1CAFBBA8006FFDC1 /* SimpleMessenger */,
			);
		};
/* End PBXProject section */

/* Begin PBXResourcesBuildPhase section */
		11DD8C1A1CAFBBA8006FFDC1 /* Resources */ = {
			isa = PBXResourcesBuildPhase;
			buildActionMask = 2147483647;
			files = (
				11DD8C2F1CAFBBA8006FFDC1 /* LaunchScreen.storyboard in Resources */,
				11DD8C2C1CAFBBA8006FFDC1 /* Assets.xcassets in Resources */,
				11DD8C2A1CAFBBA8006FFDC1 /* Main.storyboard in Resources */,
			);
			runOnlyForDeploymentPostprocessing = 0;
		};
/* End PBXResourcesBuildPhase section */

/* Begin PBXShellScriptBuildPhase section */
		5378008C685320A236C9B567 /* Check Pods Manifest.lock */ = {
			isa = PBXShellScriptBuildPhase;
			buildActionMask = 2147483647;
			files = (
			);
			inputPaths = (
			);
			name = "Check Pods Manifest.lock";
			outputPaths = (
			);
			runOnlyForDeploymentPostprocessing = 0;
			shellPath = /bin/sh;
			shellScript = "diff \"${PODS_ROOT}/../Podfile.lock\" \"${PODS_ROOT}/Manifest.lock\" > /dev/null\nif [[ $? != 0 ]] ; then\n    cat << EOM\nerror: The sandbox is not in sync with the Podfile.lock. Run 'pod install' or update your CocoaPods installation.\nEOM\n    exit 1\nfi\n";
			showEnvVarsInLog = 0;
		};
		89B66C0AFE0AF996186DEE5F /* Embed Pods Frameworks */ = {
			isa = PBXShellScriptBuildPhase;
			buildActionMask = 2147483647;
			files = (
			);
			inputPaths = (
			);
			name = "Embed Pods Frameworks";
			outputPaths = (
			);
			runOnlyForDeploymentPostprocessing = 0;
			shellPath = /bin/sh;
			shellScript = "\"${SRCROOT}/Pods/Target Support Files/Pods-SimpleMessenger/Pods-SimpleMessenger-frameworks.sh\"\n";
			showEnvVarsInLog = 0;
		};
		EE267DCB7AAC7EDDEF75FE3A /* Copy Pods Resources */ = {
			isa = PBXShellScriptBuildPhase;
			buildActionMask = 2147483647;
			files = (
			);
			inputPaths = (
			);
			name = "Copy Pods Resources";
			outputPaths = (
			);
			runOnlyForDeploymentPostprocessing = 0;
			shellPath = /bin/sh;
			shellScript = "\"${SRCROOT}/Pods/Target Support Files/Pods-SimpleMessenger/Pods-SimpleMessenger-resources.sh\"\n";
			showEnvVarsInLog = 0;
		};
/* End PBXShellScriptBuildPhase section */

/* Begin PBXSourcesBuildPhase section */
		11DD8C181CAFBBA8006FFDC1 /* Sources */ = {
			isa = PBXSourcesBuildPhase;
			buildActionMask = 2147483647;
			files = (
				11DD8C271CAFBBA8006FFDC1 /* ViewController.m in Sources */,
				1190A5B91CB12562004ADE0E /* AFMessengerViewController.m in Sources */,
				11DD8C241CAFBBA8006FFDC1 /* AppDelegate.m in Sources */,
				1190A5BF1CB12DAC004ADE0E /* AFAppDotNetAPIClient.m in Sources */,
				11DD8C211CAFBBA8006FFDC1 /* main.m in Sources */,
			);
			runOnlyForDeploymentPostprocessing = 0;
		};
/* End PBXSourcesBuildPhase section */

/* Begin PBXVariantGroup section */
		11DD8C281CAFBBA8006FFDC1 /* Main.storyboard */ = {
			isa = PBXVariantGroup;
			children = (
				11DD8C291CAFBBA8006FFDC1 /* Base */,
			);
			name = Main.storyboard;
			sourceTree = "<group>";
		};
		11DD8C2D1CAFBBA8006FFDC1 /* LaunchScreen.storyboard */ = {
			isa = PBXVariantGroup;
			children = (
				11DD8C2E1CAFBBA8006FFDC1 /* Base */,
			);
			name = LaunchScreen.storyboard;
			sourceTree = "<group>";
		};
/* End PBXVariantGroup section */

/* Begin XCBuildConfiguration section */
		11DD8C311CAFBBA8006FFDC1 /* Debug */ = {
			isa = XCBuildConfiguration;
			buildSettings = {
				ALWAYS_SEARCH_USER_PATHS = NO;
				CLANG_CXX_LANGUAGE_STANDARD = "gnu++0x";
				CLANG_CXX_LIBRARY = "libc++";
				CLANG_ENABLE_MODULES = YES;
				CLANG_ENABLE_OBJC_ARC = YES;
				CLANG_WARN_BOOL_CONVERSION = YES;
				CLANG_WARN_CONSTANT_CONVERSION = YES;
				CLANG_WARN_DIRECT_OBJC_ISA_USAGE = YES_ERROR;
				CLANG_WARN_EMPTY_BODY = YES;
				CLANG_WARN_ENUM_CONVERSION = YES;
				CLANG_WARN_INT_CONVERSION = YES;
				CLANG_WARN_OBJC_ROOT_CLASS = YES_ERROR;
				CLANG_WARN_UNREACHABLE_CODE = YES;
				CLANG_WARN__DUPLICATE_METHOD_MATCH = YES;
				"CODE_SIGN_IDENTITY[sdk=iphoneos*]" = "iPhone Developer";
				COPY_PHASE_STRIP = NO;
				DEBUG_INFORMATION_FORMAT = dwarf;
				ENABLE_STRICT_OBJC_MSGSEND = YES;
				ENABLE_TESTABILITY = YES;
				GCC_C_LANGUAGE_STANDARD = gnu99;
				GCC_DYNAMIC_NO_PIC = NO;
				GCC_NO_COMMON_BLOCKS = YES;
				GCC_OPTIMIZATION_LEVEL = 0;
				GCC_PREPROCESSOR_DEFINITIONS = (
					"DEBUG=1",
					"$(inherited)",
				);
				GCC_WARN_64_TO_32_BIT_CONVERSION = YES;
				GCC_WARN_ABOUT_RETURN_TYPE = YES_ERROR;
				GCC_WARN_UNDECLARED_SELECTOR = YES;
				GCC_WARN_UNINITIALIZED_AUTOS = YES_AGGRESSIVE;
				GCC_WARN_UNUSED_FUNCTION = YES;
				GCC_WARN_UNUSED_VARIABLE = YES;
				IPHONEOS_DEPLOYMENT_TARGET = 9.2;
				MTL_ENABLE_DEBUG_INFO = YES;
				ONLY_ACTIVE_ARCH = YES;
				SDKROOT = iphoneos;
			};
			name = Debug;
		};
		11DD8C321CAFBBA8006FFDC1 /* Release */ = {
			isa = XCBuildConfiguration;
			buildSettings = {
				ALWAYS_SEARCH_USER_PATHS = NO;
				CLANG_CXX_LANGUAGE_STANDARD = "gnu++0x";
				CLANG_CXX_LIBRARY = "libc++";
				CLANG_ENABLE_MODULES = YES;
				CLANG_ENABLE_OBJC_ARC = YES;
				CLANG_WARN_BOOL_CONVERSION = YES;
				CLANG_WARN_CONSTANT_CONVERSION = YES;
				CLANG_WARN_DIRECT_OBJC_ISA_USAGE = YES_ERROR;
				CLANG_WARN_EMPTY_BODY = YES;
				CLANG_WARN_ENUM_CONVERSION = YES;
				CLANG_WARN_INT_CONVERSION = YES;
				CLANG_WARN_OBJC_ROOT_CLASS = YES_ERROR;
				CLANG_WARN_UNREACHABLE_CODE = YES;
				CLANG_WARN__DUPLICATE_METHOD_MATCH = YES;
				"CODE_SIGN_IDENTITY[sdk=iphoneos*]" = "iPhone Developer";
				COPY_PHASE_STRIP = NO;
				DEBUG_INFORMATION_FORMAT = "dwarf-with-dsym";
				ENABLE_NS_ASSERTIONS = NO;
				ENABLE_STRICT_OBJC_MSGSEND = YES;
				GCC_C_LANGUAGE_STANDARD = gnu99;
				GCC_NO_COMMON_BLOCKS = YES;
				GCC_WARN_64_TO_32_BIT_CONVERSION = YES;
				GCC_WARN_ABOUT_RETURN_TYPE = YES_ERROR;
				GCC_WARN_UNDECLARED_SELECTOR = YES;
				GCC_WARN_UNINITIALIZED_AUTOS = YES_AGGRESSIVE;
				GCC_WARN_UNUSED_FUNCTION = YES;
				GCC_WARN_UNUSED_VARIABLE = YES;
				IPHONEOS_DEPLOYMENT_TARGET = 9.2;
				MTL_ENABLE_DEBUG_INFO = NO;
				SDKROOT = iphoneos;
				VALIDATE_PRODUCT = YES;
			};
			name = Release;
		};
		11DD8C341CAFBBA8006FFDC1 /* Debug */ = {
			isa = XCBuildConfiguration;
			baseConfigurationReference = 470B4C9EFFF67EB942AB2360 /* Pods-SimpleMessenger.debug.xcconfig */;
			buildSettings = {
				ASSETCATALOG_COMPILER_APPICON_NAME = AppIcon;
				INFOPLIST_FILE = SimpleMessenger/Info.plist;
				LD_RUNPATH_SEARCH_PATHS = "$(inherited) @executable_path/Frameworks";
				PRODUCT_BUNDLE_IDENTIFIER = "ru.home.simple-messenger.SimpleMessenger";
				PRODUCT_NAME = "$(TARGET_NAME)";
			};
			name = Debug;
		};
		11DD8C351CAFBBA8006FFDC1 /* Release */ = {
			isa = XCBuildConfiguration;
			baseConfigurationReference = ED87A40B2FA300A1E6DB6C0A /* Pods-SimpleMessenger.release.xcconfig */;
			buildSettings = {
				ASSETCATALOG_COMPILER_APPICON_NAME = AppIcon;
				INFOPLIST_FILE = SimpleMessenger/Info.plist;
				LD_RUNPATH_SEARCH_PATHS = "$(inherited) @executable_path/Frameworks";
				PRODUCT_BUNDLE_IDENTIFIER = "ru.home.simple-messenger.SimpleMessenger";
				PRODUCT_NAME = "$(TARGET_NAME)";
			};
			name = Release;
		};
/* End XCBuildConfiguration section */

/* Begin XCConfigurationList section */
		11DD8C171CAFBBA8006FFDC1 /* Build configuration list for PBXProject "SimpleMessenger" */ = {
			isa = XCConfigurationList;
			buildConfigurations = (
				11DD8C311CAFBBA8006FFDC1 /* Debug */,
				11DD8C321CAFBBA8006FFDC1 /* Release */,
			);
			defaultConfigurationIsVisible = 0;
			defaultConfigurationName = Release;
		};
		11DD8C331CAFBBA8006FFDC1 /* Build configuration list for PBXNativeTarget "SimpleMessenger" */ = {
			isa = XCConfigurationList;
			buildConfigurations = (
				11DD8C341CAFBBA8006FFDC1 /* Debug */,
				11DD8C351CAFBBA8006FFDC1 /* Release */,
			);
			defaultConfigurationIsVisible = 0;
			defaultConfigurationName = Release;
		};
/* End XCConfigurationList section */
	};
	rootObject = 11DD8C141CAFBBA8006FFDC1 /* Project object */;
}
